// !$*UTF8*$!
{
	archiveVersion = 1;
	classes = {
	};
	objectVersion = 46;
	objects = {

/* Begin PBXBuildFile section */
		FB6DD4F01F4BD9130085484C /* launchScreen.xib in Resources */ = {isa = PBXBuildFile; fileRef = FB6DD4EF1F4BD9130085484C /* launchScreen.xib */; };
		FB6DD4F21F4BE0020085484C /* testLaunchScreen.xib in Resources */ = {isa = PBXBuildFile; fileRef = FB6DD4F11F4BE0020085484C /* testLaunchScreen.xib */; };
		FB96D5E41EDEDB1B00C99289 /* AppDelegate.swift in Sources */ = {isa = PBXBuildFile; fileRef = FB96D5E31EDEDB1B00C99289 /* AppDelegate.swift */; };
		FB96D5E61EDEDB1B00C99289 /* ViewController.swift in Sources */ = {isa = PBXBuildFile; fileRef = FB96D5E51EDEDB1B00C99289 /* ViewController.swift */; };
		FB96D5E91EDEDB1B00C99289 /* Main.storyboard in Resources */ = {isa = PBXBuildFile; fileRef = FB96D5E71EDEDB1B00C99289 /* Main.storyboard */; };
		FB96D5EB1EDEDB1B00C99289 /* Assets.xcassets in Resources */ = {isa = PBXBuildFile; fileRef = FB96D5EA1EDEDB1B00C99289 /* Assets.xcassets */; };
		FB96D5EE1EDEDB1B00C99289 /* LaunchScreen.storyboard in Resources */ = {isa = PBXBuildFile; fileRef = FB96D5EC1EDEDB1B00C99289 /* LaunchScreen.storyboard */; };
		FB96D5F61EDEDB3800C99289 /* CornerView.swift in Sources */ = {isa = PBXBuildFile; fileRef = FB96D5F51EDEDB3800C99289 /* CornerView.swift */; };
		FB9EE00B1F490F3200203109 /* CustomDrawingView.swift in Sources */ = {isa = PBXBuildFile; fileRef = FB9EE00A1F490F3200203109 /* CustomDrawingView.swift */; };
/* End PBXBuildFile section */

/* Begin PBXFileReference section */
		FB6DD4EF1F4BD9130085484C /* launchScreen.xib */ = {isa = PBXFileReference; fileEncoding = 4; lastKnownFileType = file.xib; path = launchScreen.xib; sourceTree = "<group>"; };
		FB6DD4F11F4BE0020085484C /* testLaunchScreen.xib */ = {isa = PBXFileReference; fileEncoding = 4; lastKnownFileType = file.xib; name = testLaunchScreen.xib; path = ../testLaunchScreen.xib; sourceTree = "<group>"; };
		FB96D5E01EDEDB1B00C99289 /* CornersViewSO.app */ = {isa = PBXFileReference; explicitFileType = wrapper.application; includeInIndex = 0; path = CornersViewSO.app; sourceTree = BUILT_PRODUCTS_DIR; };
		FB96D5E31EDEDB1B00C99289 /* AppDelegate.swift */ = {isa = PBXFileReference; lastKnownFileType = sourcecode.swift; path = AppDelegate.swift; sourceTree = "<group>"; };
		FB96D5E51EDEDB1B00C99289 /* ViewController.swift */ = {isa = PBXFileReference; lastKnownFileType = sourcecode.swift; path = ViewController.swift; sourceTree = "<group>"; };
		FB96D5E81EDEDB1B00C99289 /* Base */ = {isa = PBXFileReference; lastKnownFileType = file.storyboard; name = Base; path = Base.lproj/Main.storyboard; sourceTree = "<group>"; };
		FB96D5EA1EDEDB1B00C99289 /* Assets.xcassets */ = {isa = PBXFileReference; lastKnownFileType = folder.assetcatalog; path = Assets.xcassets; sourceTree = "<group>"; };
		FB96D5ED1EDEDB1B00C99289 /* Base */ = {isa = PBXFileReference; lastKnownFileType = file.storyboard; name = Base; path = Base.lproj/LaunchScreen.storyboard; sourceTree = "<group>"; };
		FB96D5EF1EDEDB1B00C99289 /* Info.plist */ = {isa = PBXFileReference; lastKnownFileType = text.plist.xml; path = Info.plist; sourceTree = "<group>"; };
		FB96D5F51EDEDB3800C99289 /* CornerView.swift */ = {isa = PBXFileReference; fileEncoding = 4; lastKnownFileType = sourcecode.swift; path = CornerView.swift; sourceTree = "<group>"; };
		FB9EE00A1F490F3200203109 /* CustomDrawingView.swift */ = {isa = PBXFileReference; fileEncoding = 4; lastKnownFileType = sourcecode.swift; path = CustomDrawingView.swift; sourceTree = "<group>"; };
/* End PBXFileReference section */

/* Begin PBXFrameworksBuildPhase section */
		FB96D5DD1EDEDB1B00C99289 /* Frameworks */ = {
			isa = PBXFrameworksBuildPhase;
			buildActionMask = 2147483647;
			files = (
			);
			runOnlyForDeploymentPostprocessing = 0;
		};
/* End PBXFrameworksBuildPhase section */

/* Begin PBXGroup section */
		FB96D5D71EDEDB1B00C99289 = {
			isa = PBXGroup;
			children = (
				FB96D5E21EDEDB1B00C99289 /* CornersViewSO */,
				FB96D5E11EDEDB1B00C99289 /* Products */,
			);
			sourceTree = "<group>";
		};
		FB96D5E11EDEDB1B00C99289 /* Products */ = {
			isa = PBXGroup;
			children = (
				FB96D5E01EDEDB1B00C99289 /* CornersViewSO.app */,
			);
			name = Products;
			sourceTree = "<group>";
		};
		FB96D5E21EDEDB1B00C99289 /* CornersViewSO */ = {
			isa = PBXGroup;
			children = (
				FB96D5F51EDEDB3800C99289 /* CornerView.swift */,
				FB96D5E31EDEDB1B00C99289 /* AppDelegate.swift */,
				FB96D5E51EDEDB1B00C99289 /* ViewController.swift */,
				FB96D5E71EDEDB1B00C99289 /* Main.storyboard */,
				FB96D5EA1EDEDB1B00C99289 /* Assets.xcassets */,
				FB96D5EC1EDEDB1B00C99289 /* LaunchScreen.storyboard */,
				FB96D5EF1EDEDB1B00C99289 /* Info.plist */,
				FB9EE00A1F490F3200203109 /* CustomDrawingView.swift */,
				FB6DD4EF1F4BD9130085484C /* launchScreen.xib */,
				FB6DD4F11F4BE0020085484C /* testLaunchScreen.xib */,
			);
			path = CornersViewSO;
			sourceTree = "<group>";
		};
/* End PBXGroup section */

/* Begin PBXNativeTarget section */
		FB96D5DF1EDEDB1B00C99289 /* CornersViewSO */ = {
			isa = PBXNativeTarget;
			buildConfigurationList = FB96D5F21EDEDB1B00C99289 /* Build configuration list for PBXNativeTarget "CornersViewSO" */;
			buildPhases = (
				FB96D5DC1EDEDB1B00C99289 /* Sources */,
				FB96D5DD1EDEDB1B00C99289 /* Frameworks */,
				FB96D5DE1EDEDB1B00C99289 /* Resources */,
			);
			buildRules = (
			);
			dependencies = (
			);
			name = CornersViewSO;
			productName = CornersViewSO;
			productReference = FB96D5E01EDEDB1B00C99289 /* CornersViewSO.app */;
			productType = "com.apple.product-type.application";
		};
/* End PBXNativeTarget section */

/* Begin PBXProject section */
		FB96D5D81EDEDB1B00C99289 /* Project object */ = {
			isa = PBXProject;
			attributes = {
				LastSwiftUpdateCheck = 0820;
				LastUpgradeCheck = 0820;
				ORGANIZATIONNAME = "Reinier Melian";
				TargetAttributes = {
					FB96D5DF1EDEDB1B00C99289 = {
						CreatedOnToolsVersion = 8.2.1;
						DevelopmentTeam = FWYL5KC8D3;
						ProvisioningStyle = Manual;
					};
				};
			};
			buildConfigurationList = FB96D5DB1EDEDB1B00C99289 /* Build configuration list for PBXProject "CornersViewSO" */;
			compatibilityVersion = "Xcode 3.2";
			developmentRegion = English;
			hasScannedForEncodings = 0;
			knownRegions = (
				en,
				Base,
			);
			mainGroup = FB96D5D71EDEDB1B00C99289;
			productRefGroup = FB96D5E11EDEDB1B00C99289 /* Products */;
			projectDirPath = "";
			projectRoot = "";
			targets = (
				FB96D5DF1EDEDB1B00C99289 /* CornersViewSO */,
			);
		};
/* End PBXProject section */

/* Begin PBXResourcesBuildPhase section */
		FB96D5DE1EDEDB1B00C99289 /* Resources */ = {
			isa = PBXResourcesBuildPhase;
			buildActionMask = 2147483647;
			files = (
				FB6DD4F01F4BD9130085484C /* launchScreen.xib in Resources */,
				FB96D5EE1EDEDB1B00C99289 /* LaunchScreen.storyboard in Resources */,
				FB96D5EB1EDEDB1B00C99289 /* Assets.xcassets in Resources */,
				FB6DD4F21F4BE0020085484C /* testLaunchScreen.xib in Resources */,
				FB96D5E91EDEDB1B00C99289 /* Main.storyboard in Resources */,
			);
			runOnlyForDeploymentPostprocessing = 0;
		};
/* End PBXResourcesBuildPhase section */

/* Begin PBXSourcesBuildPhase section */
		FB96D5DC1EDEDB1B00C99289 /* Sources */ = {
			isa = PBXSourcesBuildPhase;
			buildActionMask = 2147483647;
			files = (
				FB9EE00B1F490F3200203109 /* CustomDrawingView.swift in Sources */,
				FB96D5E61EDEDB1B00C99289 /* ViewController.swift in Sources */,
				FB96D5F61EDEDB3800C99289 /* CornerView.swift in Sources */,
				FB96D5E41EDEDB1B00C99289 /* AppDelegate.swift in Sources */,
			);
			runOnlyForDeploymentPostprocessing = 0;
		};
/* End PBXSourcesBuildPhase section */

/* Begin PBXVariantGroup section */
		FB96D5E71EDEDB1B00C99289 /* Main.storyboard */ = {
			isa = PBXVariantGroup;
			children = (
				FB96D5E81EDEDB1B00C99289 /* Base */,
			);
			name = Main.storyboard;
			sourceTree = "<group>";
		};
		FB96D5EC1EDEDB1B00C99289 /* LaunchScreen.storyboard */ = {
			isa = PBXVariantGroup;
			children = (
				FB96D5ED1EDEDB1B00C99289 /* Base */,
			);
			name = LaunchScreen.storyboard;
			sourceTree = "<group>";
		};
/* End PBXVariantGroup section */

/* Begin XCBuildConfiguration section */
		FB96D5F01EDEDB1B00C99289 /* Debug */ = {
			isa = XCBuildConfiguration;
			buildSettings = {
				ALWAYS_SEARCH_USER_PATHS = NO;
				CLANG_ANALYZER_NONNULL = YES;
				CLANG_CXX_LANGUAGE_STANDARD = "gnu++0x";
				CLANG_CXX_LIBRARY = "libc++";
				CLANG_ENABLE_MODULES = YES;
				CLANG_ENABLE_OBJC_ARC = YES;
				CLANG_WARN_BOOL_CONVERSION = YES;
				CLANG_WARN_CONSTANT_CONVERSION = YES;
				CLANG_WARN_DIRECT_OBJC_ISA_USAGE = YES_ERROR;
				CLANG_WARN_DOCUMENTATION_COMMENTS = YES;
				CLANG_WARN_EMPTY_BODY = YES;
				CLANG_WARN_ENUM_CONVERSION = YES;
				CLANG_WARN_INFINITE_RECURSION = YES;
				CLANG_WARN_INT_CONVERSION = YES;
				CLANG_WARN_OBJC_ROOT_CLASS = YES_ERROR;
				CLANG_WARN_SUSPICIOUS_MOVE = YES;
				CLANG_WARN_UNREACHABLE_CODE = YES;
				CLANG_WARN__DUPLICATE_METHOD_MATCH = YES;
				"CODE_SIGN_IDENTITY[sdk=iphoneos*]" = "iPhone Developer";
				COPY_PHASE_STRIP = NO;
				DEBUG_INFORMATION_FORMAT = dwarf;
				ENABLE_STRICT_OBJC_MSGSEND = YES;
				ENABLE_TESTABILITY = YES;
				GCC_C_LANGUAGE_STANDARD = gnu99;
				GCC_DYNAMIC_NO_PIC = NO;
				GCC_NO_COMMON_BLOCKS = YES;
				GCC_OPTIMIZATION_LEVEL = 0;
				GCC_PREPROCESSOR_DEFINITIONS = (
					"DEBUG=1",
					"$(inherited)",
				);
				GCC_WARN_64_TO_32_BIT_CONVERSION = YES;
				GCC_WARN_ABOUT_RETURN_TYPE = YES_ERROR;
				GCC_WARN_UNDECLARED_SELECTOR = YES;
				GCC_WARN_UNINITIALIZED_AUTOS = YES_AGGRESSIVE;
				GCC_WARN_UNUSED_FUNCTION = YES;
				GCC_WARN_UNUSED_VARIABLE = YES;
				IPHONEOS_DEPLOYMENT_TARGET = 10.2;
				MTL_ENABLE_DEBUG_INFO = YES;
				ONLY_ACTIVE_ARCH = YES;
				SDKROOT = iphoneos;
				SWIFT_ACTIVE_COMPILATION_CONDITIONS = DEBUG;
				SWIFT_OPTIMIZATION_LEVEL = "-Onone";
			};
			name = Debug;
		};
		FB96D5F11EDEDB1B00C99289 /* Release */ = {
			isa = XCBuildConfiguration;
			buildSettings = {
				ALWAYS_SEARCH_USER_PATHS = NO;
				CLANG_ANALYZER_NONNULL = YES;
				CLANG_CXX_LANGUAGE_STANDARD = "gnu++0x";
				CLANG_CXX_LIBRARY = "libc++";
				CLANG_ENABLE_MODULES = YES;
				CLANG_ENABLE_OBJC_ARC = YES;
				CLANG_WARN_BOOL_CONVERSION = YES;
				CLANG_WARN_CONSTANT_CONVERSION = YES;
				CLANG_WARN_DIRECT_OBJC_ISA_USAGE = YES_ERROR;
				CLANG_WARN_DOCUMENTATION_COMMENTS = YES;
				CLANG_WARN_EMPTY_BODY = YES;
				CLANG_WARN_ENUM_CONVERSION = YES;
				CLANG_WARN_INFINITE_RECURSION = YES;
				CLANG_WARN_INT_CONVERSION = YES;
				CLANG_WARN_OBJC_ROOT_CLASS = YES_ERROR;
				CLANG_WARN_SUSPICIOUS_MOVE = YES;
				CLANG_WARN_UNREACHABLE_CODE = YES;
				CLANG_WARN__DUPLICATE_METHOD_MATCH = YES;
				"CODE_SIGN_IDENTITY[sdk=iphoneos*]" = "iPhone Developer";
				COPY_PHASE_STRIP = NO;
				DEBUG_INFORMATION_FORMAT = "dwarf-with-dsym";
				ENABLE_NS_ASSERTIONS = NO;
				ENABLE_STRICT_OBJC_MSGSEND = YES;
				GCC_C_LANGUAGE_STANDARD = gnu99;
				GCC_NO_COMMON_BLOCKS = YES;
				GCC_WARN_64_TO_32_BIT_CONVERSION = YES;
				GCC_WARN_ABOUT_RETURN_TYPE = YES_ERROR;
				GCC_WARN_UNDECLARED_SELECTOR = YES;
				GCC_WARN_UNINITIALIZED_AUTOS = YES_AGGRESSIVE;
				GCC_WARN_UNUSED_FUNCTION = YES;
				GCC_WARN_UNUSED_VARIABLE = YES;
				IPHONEOS_DEPLOYMENT_TARGET = 10.2;
				MTL_ENABLE_DEBUG_INFO = NO;
				SDKROOT = iphoneos;
				SWIFT_OPTIMIZATION_LEVEL = "-Owholemodule";
				VALIDATE_PRODUCT = YES;
			};
			name = Release;
		};
		FB96D5F31EDEDB1B00C99289 /* Debug */ = {
			isa = XCBuildConfiguration;
			buildSettings = {
				ASSETCATALOG_COMPILER_APPICON_NAME = AppIcon;
				DEVELOPMENT_TEAM = FWYL5KC8D3;
				INFOPLIST_FILE = CornersViewSO/Info.plist;
				IPHONEOS_DEPLOYMENT_TARGET = 10.0;
				LD_RUNPATH_SEARCH_PATHS = "$(inherited) @executable_path/Frameworks";
				PRODUCT_BUNDLE_IDENTIFIER = com.pruebas.CornersViewSO;
				PRODUCT_NAME = "$(TARGET_NAME)";
				PROVISIONING_PROFILE = "747907c9-2e75-4d74-890e-38146edaeb46";
				PROVISIONING_PROFILE_SPECIFIER = forTestingDevelopment;
				SWIFT_VERSION = 3.0;
			};
			name = Debug;
		};
		FB96D5F41EDEDB1B00C99289 /* Release */ = {
			isa = XCBuildConfiguration;
			buildSettings = {
				ASSETCATALOG_COMPILER_APPICON_NAME = AppIcon;
				"CODE_SIGN_IDENTITY[sdk=iphoneos*]" = "iPhone Distribution";
				DEVELOPMENT_TEAM = FWYL5KC8D3;
				INFOPLIST_FILE = CornersViewSO/Info.plist;
				IPHONEOS_DEPLOYMENT_TARGET = 10.0;
				LD_RUNPATH_SEARCH_PATHS = "$(inherited) @executable_path/Frameworks";
				PRODUCT_BUNDLE_IDENTIFIER = com.pruebas.CornersViewSO;
				PRODUCT_NAME = "$(TARGET_NAME)";
				PROVISIONING_PROFILE = "cc29a28c-57a9-47d7-8797-edb4dde95b03";
				PROVISIONING_PROFILE_SPECIFIER = forTestDistributionAdHoc;
				SWIFT_VERSION = 3.0;
			};
			name = Release;
		};
/* End XCBuildConfiguration section */

/* Begin XCConfigurationList section */
		FB96D5DB1EDEDB1B00C99289 /* Build configuration list for PBXProject "CornersViewSO" */ = {
			isa = XCConfigurationList;
			buildConfigurations = (
				FB96D5F01EDEDB1B00C99289 /* Debug */,
				FB96D5F11EDEDB1B00C99289 /* Release */,
			);
			defaultConfigurationIsVisible = 0;
			defaultConfigurationName = Release;
		};
		FB96D5F21EDEDB1B00C99289 /* Build configuration list for PBXNativeTarget "CornersViewSO" */ = {
			isa = XCConfigurationList;
			buildConfigurations = (
				FB96D5F31EDEDB1B00C99289 /* Debug */,
				FB96D5F41EDEDB1B00C99289 /* Release */,
			);
			defaultConfigurationIsVisible = 0;
			defaultConfigurationName = Release;
		};
/* End XCConfigurationList section */
	};
	rootObject = FB96D5D81EDEDB1B00C99289 /* Project object */;
}
